// !$*UTF8*$!
{
	archiveVersion = 1;
	classes = {
	};
	objectVersion = 50;
	objects = {

/* Begin PBXBuildFile section */
		286CA6D520E211B100DE735E /* Meme.swift in Sources */ = {isa = PBXBuildFile; fileRef = 286CA6D420E211B100DE735E /* Meme.swift */; };
		28C34A6620DCC20E009B616E /* AppDelegate.swift in Sources */ = {isa = PBXBuildFile; fileRef = 28C34A6520DCC20E009B616E /* AppDelegate.swift */; };
		28C34A6B20DCC20E009B616E /* Main.storyboard in Resources */ = {isa = PBXBuildFile; fileRef = 28C34A6920DCC20E009B616E /* Main.storyboard */; };
		28C34A6D20DCC215009B616E /* Assets.xcassets in Resources */ = {isa = PBXBuildFile; fileRef = 28C34A6C20DCC215009B616E /* Assets.xcassets */; };
		28C34A7020DCC215009B616E /* LaunchScreen.storyboard in Resources */ = {isa = PBXBuildFile; fileRef = 28C34A6E20DCC215009B616E /* LaunchScreen.storyboard */; };
		28C34A7B20DCC216009B616E /* MemeTests.swift in Sources */ = {isa = PBXBuildFile; fileRef = 28C34A7A20DCC216009B616E /* MemeTests.swift */; };
		28C34A8720DCCA22009B616E /* HomeViewController.swift in Sources */ = {isa = PBXBuildFile; fileRef = 28C34A8620DCCA22009B616E /* HomeViewController.swift */; };
/* End PBXBuildFile section */

/* Begin PBXContainerItemProxy section */
		28C34A7720DCC216009B616E /* PBXContainerItemProxy */ = {
			isa = PBXContainerItemProxy;
			containerPortal = 28C34A5A20DCC20D009B616E /* Project object */;
			proxyType = 1;
			remoteGlobalIDString = 28C34A6120DCC20D009B616E;
			remoteInfo = Meme;
		};
/* End PBXContainerItemProxy section */

/* Begin PBXFileReference section */
		286CA6D420E211B100DE735E /* Meme.swift */ = {isa = PBXFileReference; lastKnownFileType = sourcecode.swift; path = Meme.swift; sourceTree = "<group>"; };
		28C34A6220DCC20E009B616E /* Meme.app */ = {isa = PBXFileReference; explicitFileType = wrapper.application; includeInIndex = 0; path = Meme.app; sourceTree = BUILT_PRODUCTS_DIR; };
		28C34A6520DCC20E009B616E /* AppDelegate.swift */ = {isa = PBXFileReference; lastKnownFileType = sourcecode.swift; path = AppDelegate.swift; sourceTree = "<group>"; };
		28C34A6A20DCC20E009B616E /* Base */ = {isa = PBXFileReference; lastKnownFileType = file.storyboard; name = Base; path = Base.lproj/Main.storyboard; sourceTree = "<group>"; };
		28C34A6C20DCC215009B616E /* Assets.xcassets */ = {isa = PBXFileReference; lastKnownFileType = folder.assetcatalog; path = Assets.xcassets; sourceTree = "<group>"; };
		28C34A6F20DCC215009B616E /* Base */ = {isa = PBXFileReference; lastKnownFileType = file.storyboard; name = Base; path = Base.lproj/LaunchScreen.storyboard; sourceTree = "<group>"; };
		28C34A7120DCC215009B616E /* Info.plist */ = {isa = PBXFileReference; lastKnownFileType = text.plist.xml; path = Info.plist; sourceTree = "<group>"; };
		28C34A7620DCC216009B616E /* MemeTests.xctest */ = {isa = PBXFileReference; explicitFileType = wrapper.cfbundle; includeInIndex = 0; path = MemeTests.xctest; sourceTree = BUILT_PRODUCTS_DIR; };
		28C34A7A20DCC216009B616E /* MemeTests.swift */ = {isa = PBXFileReference; lastKnownFileType = sourcecode.swift; path = MemeTests.swift; sourceTree = "<group>"; };
		28C34A7C20DCC216009B616E /* Info.plist */ = {isa = PBXFileReference; lastKnownFileType = text.plist.xml; path = Info.plist; sourceTree = "<group>"; };
		28C34A8620DCCA22009B616E /* HomeViewController.swift */ = {isa = PBXFileReference; lastKnownFileType = sourcecode.swift; path = HomeViewController.swift; sourceTree = "<group>"; };
/* End PBXFileReference section */

/* Begin PBXFrameworksBuildPhase section */
		28C34A5F20DCC20D009B616E /* Frameworks */ = {
			isa = PBXFrameworksBuildPhase;
			buildActionMask = 2147483647;
			files = (
			);
			runOnlyForDeploymentPostprocessing = 0;
		};
		28C34A7320DCC216009B616E /* Frameworks */ = {
			isa = PBXFrameworksBuildPhase;
			buildActionMask = 2147483647;
			files = (
			);
			runOnlyForDeploymentPostprocessing = 0;
		};
/* End PBXFrameworksBuildPhase section */

/* Begin PBXGroup section */
		28C34A5920DCC20D009B616E = {
			isa = PBXGroup;
			children = (
				28C34A6420DCC20E009B616E /* Meme */,
				28C34A7920DCC216009B616E /* MemeTests */,
				28C34A6320DCC20E009B616E /* Products */,
			);
			sourceTree = "<group>";
		};
		28C34A6320DCC20E009B616E /* Products */ = {
			isa = PBXGroup;
			children = (
				28C34A6220DCC20E009B616E /* Meme.app */,
				28C34A7620DCC216009B616E /* MemeTests.xctest */,
			);
			name = Products;
			sourceTree = "<group>";
		};
		28C34A6420DCC20E009B616E /* Meme */ = {
			isa = PBXGroup;
			children = (
				28C34A8520DCC963009B616E /* controller */,
				28C34A6520DCC20E009B616E /* AppDelegate.swift */,
				28C34A6920DCC20E009B616E /* Main.storyboard */,
				28C34A6C20DCC215009B616E /* Assets.xcassets */,
				28C34A6E20DCC215009B616E /* LaunchScreen.storyboard */,
				28C34A7120DCC215009B616E /* Info.plist */,
				286CA6D420E211B100DE735E /* Meme.swift */,
			);
			path = Meme;
			sourceTree = "<group>";
		};
		28C34A7920DCC216009B616E /* MemeTests */ = {
			isa = PBXGroup;
			children = (
				28C34A7A20DCC216009B616E /* MemeTests.swift */,
				28C34A7C20DCC216009B616E /* Info.plist */,
			);
			path = MemeTests;
			sourceTree = "<group>";
		};
		28C34A8520DCC963009B616E /* controller */ = {
			isa = PBXGroup;
			children = (
				28C34A8620DCCA22009B616E /* HomeViewController.swift */,
			);
			path = controller;
			sourceTree = "<group>";
		};
/* End PBXGroup section */

/* Begin PBXNativeTarget section */
		28C34A6120DCC20D009B616E /* Meme */ = {
			isa = PBXNativeTarget;
			buildConfigurationList = 28C34A7F20DCC216009B616E /* Build configuration list for PBXNativeTarget "Meme" */;
			buildPhases = (
				28C34A5E20DCC20D009B616E /* Sources */,
				28C34A5F20DCC20D009B616E /* Frameworks */,
				28C34A6020DCC20D009B616E /* Resources */,
			);
			buildRules = (
			);
			dependencies = (
			);
			name = Meme;
			productName = Meme;
			productReference = 28C34A6220DCC20E009B616E /* Meme.app */;
			productType = "com.apple.product-type.application";
		};
		28C34A7520DCC216009B616E /* MemeTests */ = {
			isa = PBXNativeTarget;
			buildConfigurationList = 28C34A8220DCC216009B616E /* Build configuration list for PBXNativeTarget "MemeTests" */;
			buildPhases = (
				28C34A7220DCC216009B616E /* Sources */,
				28C34A7320DCC216009B616E /* Frameworks */,
				28C34A7420DCC216009B616E /* Resources */,
			);
			buildRules = (
			);
			dependencies = (
				28C34A7820DCC216009B616E /* PBXTargetDependency */,
			);
			name = MemeTests;
			productName = MemeTests;
			productReference = 28C34A7620DCC216009B616E /* MemeTests.xctest */;
			productType = "com.apple.product-type.bundle.unit-test";
		};
/* End PBXNativeTarget section */

/* Begin PBXProject section */
		28C34A5A20DCC20D009B616E /* Project object */ = {
			isa = PBXProject;
			attributes = {
				LastSwiftUpdateCheck = 1000;
				LastUpgradeCheck = 1000;
				ORGANIZATIONNAME = "amit kumar";
				TargetAttributes = {
					28C34A6120DCC20D009B616E = {
						CreatedOnToolsVersion = 10.0;
					};
					28C34A7520DCC216009B616E = {
						CreatedOnToolsVersion = 10.0;
						TestTargetID = 28C34A6120DCC20D009B616E;
					};
				};
			};
			buildConfigurationList = 28C34A5D20DCC20D009B616E /* Build configuration list for PBXProject "Meme" */;
			compatibilityVersion = "Xcode 9.3";
			developmentRegion = en;
			hasScannedForEncodings = 0;
			knownRegions = (
				en,
				Base,
			);
			mainGroup = 28C34A5920DCC20D009B616E;
			productRefGroup = 28C34A6320DCC20E009B616E /* Products */;
			projectDirPath = "";
			projectRoot = "";
			targets = (
				28C34A6120DCC20D009B616E /* Meme */,
				28C34A7520DCC216009B616E /* MemeTests */,
			);
		};
/* End PBXProject section */

/* Begin PBXResourcesBuildPhase section */
		28C34A6020DCC20D009B616E /* Resources */ = {
			isa = PBXResourcesBuildPhase;
			buildActionMask = 2147483647;
			files = (
				28C34A7020DCC215009B616E /* LaunchScreen.storyboard in Resources */,
				28C34A6D20DCC215009B616E /* Assets.xcassets in Resources */,
				28C34A6B20DCC20E009B616E /* Main.storyboard in Resources */,
			);
			runOnlyForDeploymentPostprocessing = 0;
		};
		28C34A7420DCC216009B616E /* Resources */ = {
			isa = PBXResourcesBuildPhase;
			buildActionMask = 2147483647;
			files = (
			);
			runOnlyForDeploymentPostprocessing = 0;
		};
/* End PBXResourcesBuildPhase section */

/* Begin PBXSourcesBuildPhase section */
		28C34A5E20DCC20D009B616E /* Sources */ = {
			isa = PBXSourcesBuildPhase;
			buildActionMask = 2147483647;
			files = (
				286CA6D520E211B100DE735E /* Meme.swift in Sources */,
				28C34A6620DCC20E009B616E /* AppDelegate.swift in Sources */,
				28C34A8720DCCA22009B616E /* HomeViewController.swift in Sources */,
			);
			runOnlyForDeploymentPostprocessing = 0;
		};
		28C34A7220DCC216009B616E /* Sources */ = {
			isa = PBXSourcesBuildPhase;
			buildActionMask = 2147483647;
			files = (
				28C34A7B20DCC216009B616E /* MemeTests.swift in Sources */,
			);
			runOnlyForDeploymentPostprocessing = 0;
		};
/* End PBXSourcesBuildPhase section */

/* Begin PBXTargetDependency section */
		28C34A7820DCC216009B616E /* PBXTargetDependency */ = {
			isa = PBXTargetDependency;
			target = 28C34A6120DCC20D009B616E /* Meme */;
			targetProxy = 28C34A7720DCC216009B616E /* PBXContainerItemProxy */;
		};
/* End PBXTargetDependency section */

/* Begin PBXVariantGroup section */
		28C34A6920DCC20E009B616E /* Main.storyboard */ = {
			isa = PBXVariantGroup;
			children = (
				28C34A6A20DCC20E009B616E /* Base */,
			);
			name = Main.storyboard;
			sourceTree = "<group>";
		};
		28C34A6E20DCC215009B616E /* LaunchScreen.storyboard */ = {
			isa = PBXVariantGroup;
			children = (
				28C34A6F20DCC215009B616E /* Base */,
			);
			name = LaunchScreen.storyboard;
			sourceTree = "<group>";
		};
/* End PBXVariantGroup section */

/* Begin XCBuildConfiguration section */
		28C34A7D20DCC216009B616E /* Debug */ = {
			isa = XCBuildConfiguration;
			buildSettings = {
				ALWAYS_SEARCH_USER_PATHS = NO;
				CLANG_ANALYZER_NONNULL = YES;
				CLANG_ANALYZER_NUMBER_OBJECT_CONVERSION = YES_AGGRESSIVE;
				CLANG_CXX_LANGUAGE_STANDARD = "gnu++14";
				CLANG_CXX_LIBRARY = "libc++";
				CLANG_ENABLE_MODULES = YES;
				CLANG_ENABLE_OBJC_ARC = YES;
				CLANG_ENABLE_OBJC_WEAK = YES;
				CLANG_WARN_BLOCK_CAPTURE_AUTORELEASING = YES;
				CLANG_WARN_BOOL_CONVERSION = YES;
				CLANG_WARN_COMMA = YES;
				CLANG_WARN_CONSTANT_CONVERSION = YES;
				CLANG_WARN_DEPRECATED_OBJC_IMPLEMENTATIONS = YES;
				CLANG_WARN_DIRECT_OBJC_ISA_USAGE = YES_ERROR;
				CLANG_WARN_DOCUMENTATION_COMMENTS = YES;
				CLANG_WARN_EMPTY_BODY = YES;
				CLANG_WARN_ENUM_CONVERSION = YES;
				CLANG_WARN_INFINITE_RECURSION = YES;
				CLANG_WARN_INT_CONVERSION = YES;
				CLANG_WARN_NON_LITERAL_NULL_CONVERSION = YES;
				CLANG_WARN_OBJC_IMPLICIT_RETAIN_SELF = YES;
				CLANG_WARN_OBJC_LITERAL_CONVERSION = YES;
				CLANG_WARN_OBJC_ROOT_CLASS = YES_ERROR;
				CLANG_WARN_RANGE_LOOP_ANALYSIS = YES;
				CLANG_WARN_STRICT_PROTOTYPES = YES;
				CLANG_WARN_SUSPICIOUS_MOVE = YES;
				CLANG_WARN_UNGUARDED_AVAILABILITY = YES_AGGRESSIVE;
				CLANG_WARN_UNREACHABLE_CODE = YES;
				CLANG_WARN__DUPLICATE_METHOD_MATCH = YES;
				CODE_SIGN_IDENTITY = "iPhone Developer";
				COPY_PHASE_STRIP = NO;
				DEBUG_INFORMATION_FORMAT = dwarf;
				ENABLE_STRICT_OBJC_MSGSEND = YES;
				ENABLE_TESTABILITY = YES;
				GCC_C_LANGUAGE_STANDARD = gnu11;
				GCC_DYNAMIC_NO_PIC = NO;
				GCC_NO_COMMON_BLOCKS = YES;
				GCC_OPTIMIZATION_LEVEL = 0;
				GCC_PREPROCESSOR_DEFINITIONS = (
					"DEBUG=1",
					"$(inherited)",
				);
				GCC_WARN_64_TO_32_BIT_CONVERSION = YES;
				GCC_WARN_ABOUT_RETURN_TYPE = YES_ERROR;
				GCC_WARN_UNDECLARED_SELECTOR = YES;
				GCC_WARN_UNINITIALIZED_AUTOS = YES_AGGRESSIVE;
				GCC_WARN_UNUSED_FUNCTION = YES;
				GCC_WARN_UNUSED_VARIABLE = YES;
				IPHONEOS_DEPLOYMENT_TARGET = 12.0;
				MTL_ENABLE_DEBUG_INFO = INCLUDE_SOURCE;
				ONLY_ACTIVE_ARCH = YES;
				SDKROOT = iphoneos;
				SWIFT_ACTIVE_COMPILATION_CONDITIONS = DEBUG;
				SWIFT_OPTIMIZATION_LEVEL = "-Onone";
			};
			name = Debug;
		};
		28C34A7E20DCC216009B616E /* Release */ = {
			isa = XCBuildConfiguration;
			buildSettings = {
				ALWAYS_SEARCH_USER_PATHS = NO;
				CLANG_ANALYZER_NONNULL = YES;
				CLANG_ANALYZER_NUMBER_OBJECT_CONVERSION = YES_AGGRESSIVE;
				CLANG_CXX_LANGUAGE_STANDARD = "gnu++14";
				CLANG_CXX_LIBRARY = "libc++";
				CLANG_ENABLE_MODULES = YES;
				CLANG_ENABLE_OBJC_ARC = YES;
				CLANG_ENABLE_OBJC_WEAK = YES;
				CLANG_WARN_BLOCK_CAPTURE_AUTORELEASING = YES;
				CLANG_WARN_BOOL_CONVERSION = YES;
				CLANG_WARN_COMMA = YES;
				CLANG_WARN_CONSTANT_CONVERSION = YES;
				CLANG_WARN_DEPRECATED_OBJC_IMPLEMENTATIONS = YES;
				CLANG_WARN_DIRECT_OBJC_ISA_USAGE = YES_ERROR;
				CLANG_WARN_DOCUMENTATION_COMMENTS = YES;
				CLANG_WARN_EMPTY_BODY = YES;
				CLANG_WARN_ENUM_CONVERSION = YES;
				CLANG_WARN_INFINITE_RECURSION = YES;
				CLANG_WARN_INT_CONVERSION = YES;
				CLANG_WARN_NON_LITERAL_NULL_CONVERSION = YES;
				CLANG_WARN_OBJC_IMPLICIT_RETAIN_SELF = YES;
				CLANG_WARN_OBJC_LITERAL_CONVERSION = YES;
				CLANG_WARN_OBJC_ROOT_CLASS = YES_ERROR;
				CLANG_WARN_RANGE_LOOP_ANALYSIS = YES;
				CLANG_WARN_STRICT_PROTOTYPES = YES;
				CLANG_WARN_SUSPICIOUS_MOVE = YES;
				CLANG_WARN_UNGUARDED_AVAILABILITY = YES_AGGRESSIVE;
				CLANG_WARN_UNREACHABLE_CODE = YES;
				CLANG_WARN__DUPLICATE_METHOD_MATCH = YES;
				CODE_SIGN_IDENTITY = "iPhone Developer";
				COPY_PHASE_STRIP = NO;
				DEBUG_INFORMATION_FORMAT = "dwarf-with-dsym";
				ENABLE_NS_ASSERTIONS = NO;
				ENABLE_STRICT_OBJC_MSGSEND = YES;
				GCC_C_LANGUAGE_STANDARD = gnu11;
				GCC_NO_COMMON_BLOCKS = YES;
				GCC_WARN_64_TO_32_BIT_CONVERSION = YES;
				GCC_WARN_ABOUT_RETURN_TYPE = YES_ERROR;
				GCC_WARN_UNDECLARED_SELECTOR = YES;
				GCC_WARN_UNINITIALIZED_AUTOS = YES_AGGRESSIVE;
				GCC_WARN_UNUSED_FUNCTION = YES;
				GCC_WARN_UNUSED_VARIABLE = YES;
				IPHONEOS_DEPLOYMENT_TARGET = 12.0;
				MTL_ENABLE_DEBUG_INFO = NO;
				SDKROOT = iphoneos;
				SWIFT_COMPILATION_MODE = wholemodule;
				SWIFT_OPTIMIZATION_LEVEL = "-O";
				VALIDATE_PRODUCT = YES;
			};
			name = Release;
		};
		28C34A8020DCC216009B616E /* Debug */ = {
			isa = XCBuildConfiguration;
			buildSettings = {
				ASSETCATALOG_COMPILER_APPICON_NAME = AppIcon;
				CODE_SIGN_STYLE = Automatic;
				DEVELOPMENT_TEAM = L7YB54A645;
				INFOPLIST_FILE = Meme/Info.plist;
				IPHONEOS_DEPLOYMENT_TARGET = 11.1;
				LD_RUNPATH_SEARCH_PATHS = (
					"$(inherited)",
					"@executable_path/Frameworks",
				);
				PRODUCT_BUNDLE_IDENTIFIER = "com.mad-developer.meme.Meme";
				PRODUCT_NAME = "$(TARGET_NAME)";
				SWIFT_VERSION = 4.2;
				TARGETED_DEVICE_FAMILY = "1,2";
			};
			name = Debug;
		};
		28C34A8120DCC216009B616E /* Release */ = {
			isa = XCBuildConfiguration;
			buildSettings = {
				ASSETCATALOG_COMPILER_APPICON_NAME = AppIcon;
				CODE_SIGN_STYLE = Automatic;
				DEVELOPMENT_TEAM = L7YB54A645;
				INFOPLIST_FILE = Meme/Info.plist;
				IPHONEOS_DEPLOYMENT_TARGET = 11.1;
				LD_RUNPATH_SEARCH_PATHS = (
					"$(inherited)",
					"@executable_path/Frameworks",
				);
				PRODUCT_BUNDLE_IDENTIFIER = "com.mad-developer.meme.Meme";
				PRODUCT_NAME = "$(TARGET_NAME)";
				SWIFT_VERSION = 4.2;
				TARGETED_DEVICE_FAMILY = "1,2";
			};
			name = Release;
		};
		28C34A8320DCC216009B616E /* Debug */ = {
			isa = XCBuildConfiguration;
			buildSettings = {
				ALWAYS_EMBED_SWIFT_STANDARD_LIBRARIES = YES;
				BUNDLE_LOADER = "$(TEST_HOST)";
				CODE_SIGN_STYLE = Automatic;
				DEVELOPMENT_TEAM = L7YB54A645;
				INFOPLIST_FILE = MemeTests/Info.plist;
				IPHONEOS_DEPLOYMENT_TARGET = 11.0;
				LD_RUNPATH_SEARCH_PATHS = (
					"$(inherited)",
					"@executable_path/Frameworks",
					"@loader_path/Frameworks",
				);
				PRODUCT_BUNDLE_IDENTIFIER = "com.mad-developer.meme.MemeTests";
				PRODUCT_NAME = "$(TARGET_NAME)";
				SWIFT_VERSION = 4.2;
				TARGETED_DEVICE_FAMILY = "1,2";
				TEST_HOST = "$(BUILT_PRODUCTS_DIR)/Meme.app/Meme";
			};
			name = Debug;
		};
		28C34A8420DCC216009B616E /* Release */ = {
			isa = XCBuildConfiguration;
			buildSettings = {
				ALWAYS_EMBED_SWIFT_STANDARD_LIBRARIES = YES;
				BUNDLE_LOADER = "$(TEST_HOST)";
				CODE_SIGN_STYLE = Automatic;
				DEVELOPMENT_TEAM = L7YB54A645;
				INFOPLIST_FILE = MemeTests/Info.plist;
				IPHONEOS_DEPLOYMENT_TARGET = 11.0;
				LD_RUNPATH_SEARCH_PATHS = (
					"$(inherited)",
					"@executable_path/Frameworks",
					"@loader_path/Frameworks",
				);
				PRODUCT_BUNDLE_IDENTIFIER = "com.mad-developer.meme.MemeTests";
				PRODUCT_NAME = "$(TARGET_NAME)";
				SWIFT_VERSION = 4.2;
				TARGETED_DEVICE_FAMILY = "1,2";
				TEST_HOST = "$(BUILT_PRODUCTS_DIR)/Meme.app/Meme";
			};
			name = Release;
		};
/* End XCBuildConfiguration section */

/* Begin XCConfigurationList section */
		28C34A5D20DCC20D009B616E /* Build configuration list for PBXProject "Meme" */ = {
			isa = XCConfigurationList;
			buildConfigurations = (
				28C34A7D20DCC216009B616E /* Debug */,
				28C34A7E20DCC216009B616E /* Release */,
			);
			defaultConfigurationIsVisible = 0;
			defaultConfigurationName = Release;
		};
		28C34A7F20DCC216009B616E /* Build configuration list for PBXNativeTarget "Meme" */ = {
			isa = XCConfigurationList;
			buildConfigurations = (
				28C34A8020DCC216009B616E /* Debug */,
				28C34A8120DCC216009B616E /* Release */,
			);
			defaultConfigurationIsVisible = 0;
			defaultConfigurationName = Release;
		};
		28C34A8220DCC216009B616E /* Build configuration list for PBXNativeTarget "MemeTests" */ = {
			isa = XCConfigurationList;
			buildConfigurations = (
				28C34A8320DCC216009B616E /* Debug */,
				28C34A8420DCC216009B616E /* Release */,
			);
			defaultConfigurationIsVisible = 0;
			defaultConfigurationName = Release;
		};
/* End XCConfigurationList section */
	};
	rootObject = 28C34A5A20DCC20D009B616E /* Project object */;
}
